// !$*UTF8*$!
{
	archiveVersion = 1;
	classes = {
	};
	objectVersion = 55;
	objects = {

/* Begin PBXBuildFile section */
		185FCEFF296148E6003B8008 /* Login.swift in Sources */ = {isa = PBXBuildFile; fileRef = 185FCEFE296148E6003B8008 /* Login.swift */; };
		18BCC23B295C91DB006DD870 /* UITextFieldExtension.swift in Sources */ = {isa = PBXBuildFile; fileRef = 18BCC23A295C91DB006DD870 /* UITextFieldExtension.swift */; };
		18BCC264295CA014006DD870 /* Constants.swift in Sources */ = {isa = PBXBuildFile; fileRef = 18BCC263295CA014006DD870 /* Constants.swift */; };
		18BCC268295CA45D006DD870 /* APIService.swift in Sources */ = {isa = PBXBuildFile; fileRef = 18BCC267295CA45D006DD870 /* APIService.swift */; };
		18BCC26C295CA6B2006DD870 /* SuppliersModel.swift in Sources */ = {isa = PBXBuildFile; fileRef = 18BCC26B295CA6B1006DD870 /* SuppliersModel.swift */; };
		18BF60F5295D71DA0092865A /* ProductModel.swift in Sources */ = {isa = PBXBuildFile; fileRef = 18BF60F4295D71DA0092865A /* ProductModel.swift */; };
		18BF60F7295D72500092865A /* SaveCustomerModel.swift in Sources */ = {isa = PBXBuildFile; fileRef = 18BF60F6295D72500092865A /* SaveCustomerModel.swift */; };
		18BF60F9295D75D90092865A /* CategoryProductsModel.swift in Sources */ = {isa = PBXBuildFile; fileRef = 18BF60F8295D75D90092865A /* CategoryProductsModel.swift */; };
		18D11E92295DB5A500089E26 /* SavePurchaseModel.swift in Sources */ = {isa = PBXBuildFile; fileRef = 18D11E91295DB5A500089E26 /* SavePurchaseModel.swift */; };
		18FDAF49299E4FE300EF16A0 /* SplashViewController.swift in Sources */ = {isa = PBXBuildFile; fileRef = 18FDAF48299E4FE300EF16A0 /* SplashViewController.swift */; };
		241EE1BD92605DF9D9B0F83A /* Pods_ERP.framework in Frameworks */ = {isa = PBXBuildFile; fileRef = C171BC05E7BBC04A4CC75E0C /* Pods_ERP.framework */; };
		2631F66D2953465D004FFE64 /* Montserrat-Medium.ttf in Resources */ = {isa = PBXBuildFile; fileRef = 2631F66C2953465D004FFE64 /* Montserrat-Medium.ttf */; };
		26686D2129547AF400CBF2F2 /* SaleListCollectionViewCell.swift in Sources */ = {isa = PBXBuildFile; fileRef = 26686D2029547AF400CBF2F2 /* SaleListCollectionViewCell.swift */; };
		26686D2329547C7400CBF2F2 /* SaleSelectionCollectionViewCell.swift in Sources */ = {isa = PBXBuildFile; fileRef = 26686D2229547C7400CBF2F2 /* SaleSelectionCollectionViewCell.swift */; };
		26B797E929530CB1007A3151 /* AppDelegate.swift in Sources */ = {isa = PBXBuildFile; fileRef = 26B797E829530CB1007A3151 /* AppDelegate.swift */; };
		26B797ED29530CB1007A3151 /* LoginViewController.swift in Sources */ = {isa = PBXBuildFile; fileRef = 26B797EC29530CB1007A3151 /* LoginViewController.swift */; };
		26B797F029530CB1007A3151 /* Main.storyboard in Resources */ = {isa = PBXBuildFile; fileRef = 26B797EE29530CB1007A3151 /* Main.storyboard */; };
		26B797F229530CB8007A3151 /* Assets.xcassets in Resources */ = {isa = PBXBuildFile; fileRef = 26B797F129530CB8007A3151 /* Assets.xcassets */; };
		26B797F529530CB8007A3151 /* LaunchScreen.storyboard in Resources */ = {isa = PBXBuildFile; fileRef = 26B797F329530CB8007A3151 /* LaunchScreen.storyboard */; };
		26B797FE29531431007A3151 /* UIViewExtension.swift in Sources */ = {isa = PBXBuildFile; fileRef = 26B797FD29531431007A3151 /* UIViewExtension.swift */; };
		26B79801295319BF007A3151 /* Montserrat-SemiBold.ttf in Resources */ = {isa = PBXBuildFile; fileRef = 26B797FF295319BF007A3151 /* Montserrat-SemiBold.ttf */; };
		26B79802295319C0007A3151 /* Montserrat-Regular.ttf in Resources */ = {isa = PBXBuildFile; fileRef = 26B79800295319BF007A3151 /* Montserrat-Regular.ttf */; };
		26B79806295327CE007A3151 /* HomeViewController.swift in Sources */ = {isa = PBXBuildFile; fileRef = 26B79805295327CE007A3151 /* HomeViewController.swift */; };
		26B798082953281F007A3151 /* PurchaseViewController.swift in Sources */ = {isa = PBXBuildFile; fileRef = 26B798072953281F007A3151 /* PurchaseViewController.swift */; };
		26B7980A29532843007A3151 /* SaleViewController.swift in Sources */ = {isa = PBXBuildFile; fileRef = 26B7980929532843007A3151 /* SaleViewController.swift */; };
		CA3849D72991A6FC00A2BE30 /* Customer.swift in Sources */ = {isa = PBXBuildFile; fileRef = CA3849D62991A6FC00A2BE30 /* Customer.swift */; };
		CAD8B330298150E50011FBC1 /* ApiManager.swift in Sources */ = {isa = PBXBuildFile; fileRef = CAD8B32C298150E50011FBC1 /* ApiManager.swift */; };
		CAD8B331298150E50011FBC1 /* EndPoints.swift in Sources */ = {isa = PBXBuildFile; fileRef = CAD8B32D298150E50011FBC1 /* EndPoints.swift */; };
		CAD8B332298150E50011FBC1 /* ErrorObject.swift in Sources */ = {isa = PBXBuildFile; fileRef = CAD8B32E298150E50011FBC1 /* ErrorObject.swift */; };
		CAD8B333298150E50011FBC1 /* Services.swift in Sources */ = {isa = PBXBuildFile; fileRef = CAD8B32F298150E50011FBC1 /* Services.swift */; };
		CAE58D2E29886881007665D5 /* ListItem.swift in Sources */ = {isa = PBXBuildFile; fileRef = CAE58D2D29886881007665D5 /* ListItem.swift */; };
/* End PBXBuildFile section */

/* Begin PBXFileReference section */
		185FCEFE296148E6003B8008 /* Login.swift */ = {isa = PBXFileReference; lastKnownFileType = sourcecode.swift; path = Login.swift; sourceTree = "<group>"; };
		18BCC23A295C91DB006DD870 /* UITextFieldExtension.swift */ = {isa = PBXFileReference; lastKnownFileType = sourcecode.swift; path = UITextFieldExtension.swift; sourceTree = "<group>"; };
		18BCC263295CA014006DD870 /* Constants.swift */ = {isa = PBXFileReference; fileEncoding = 4; lastKnownFileType = sourcecode.swift; path = Constants.swift; sourceTree = "<group>"; };
		18BCC267295CA45D006DD870 /* APIService.swift */ = {isa = PBXFileReference; fileEncoding = 4; lastKnownFileType = sourcecode.swift; path = APIService.swift; sourceTree = "<group>"; };
		18BCC26B295CA6B1006DD870 /* SuppliersModel.swift */ = {isa = PBXFileReference; lastKnownFileType = sourcecode.swift; path = SuppliersModel.swift; sourceTree = "<group>"; };
		18BF60F4295D71DA0092865A /* ProductModel.swift */ = {isa = PBXFileReference; lastKnownFileType = sourcecode.swift; path = ProductModel.swift; sourceTree = "<group>"; };
		18BF60F6295D72500092865A /* SaveCustomerModel.swift */ = {isa = PBXFileReference; lastKnownFileType = sourcecode.swift; path = SaveCustomerModel.swift; sourceTree = "<group>"; };
		18BF60F8295D75D90092865A /* CategoryProductsModel.swift */ = {isa = PBXFileReference; lastKnownFileType = sourcecode.swift; path = CategoryProductsModel.swift; sourceTree = "<group>"; };
		18D11E91295DB5A500089E26 /* SavePurchaseModel.swift */ = {isa = PBXFileReference; lastKnownFileType = sourcecode.swift; path = SavePurchaseModel.swift; sourceTree = "<group>"; };
		18FDAF48299E4FE300EF16A0 /* SplashViewController.swift */ = {isa = PBXFileReference; lastKnownFileType = sourcecode.swift; path = SplashViewController.swift; sourceTree = "<group>"; };
		2631F66C2953465D004FFE64 /* Montserrat-Medium.ttf */ = {isa = PBXFileReference; lastKnownFileType = file; path = "Montserrat-Medium.ttf"; sourceTree = "<group>"; };
		26686D2029547AF400CBF2F2 /* SaleListCollectionViewCell.swift */ = {isa = PBXFileReference; lastKnownFileType = sourcecode.swift; path = SaleListCollectionViewCell.swift; sourceTree = "<group>"; };
		26686D2229547C7400CBF2F2 /* SaleSelectionCollectionViewCell.swift */ = {isa = PBXFileReference; lastKnownFileType = sourcecode.swift; path = SaleSelectionCollectionViewCell.swift; sourceTree = "<group>"; };
		26B797E529530CB1007A3151 /* ERP.app */ = {isa = PBXFileReference; explicitFileType = wrapper.application; includeInIndex = 0; path = ERP.app; sourceTree = BUILT_PRODUCTS_DIR; };
		26B797E829530CB1007A3151 /* AppDelegate.swift */ = {isa = PBXFileReference; lastKnownFileType = sourcecode.swift; path = AppDelegate.swift; sourceTree = "<group>"; };
		26B797EC29530CB1007A3151 /* LoginViewController.swift */ = {isa = PBXFileReference; lastKnownFileType = sourcecode.swift; path = LoginViewController.swift; sourceTree = "<group>"; };
		26B797EF29530CB1007A3151 /* Base */ = {isa = PBXFileReference; lastKnownFileType = file.storyboard; name = Base; path = Base.lproj/Main.storyboard; sourceTree = "<group>"; };
		26B797F129530CB8007A3151 /* Assets.xcassets */ = {isa = PBXFileReference; lastKnownFileType = folder.assetcatalog; path = Assets.xcassets; sourceTree = "<group>"; };
		26B797F429530CB8007A3151 /* Base */ = {isa = PBXFileReference; lastKnownFileType = file.storyboard; name = Base; path = Base.lproj/LaunchScreen.storyboard; sourceTree = "<group>"; };
		26B797FD29531431007A3151 /* UIViewExtension.swift */ = {isa = PBXFileReference; lastKnownFileType = sourcecode.swift; path = UIViewExtension.swift; sourceTree = "<group>"; };
		26B797FF295319BF007A3151 /* Montserrat-SemiBold.ttf */ = {isa = PBXFileReference; lastKnownFileType = file; path = "Montserrat-SemiBold.ttf"; sourceTree = "<group>"; };
		26B79800295319BF007A3151 /* Montserrat-Regular.ttf */ = {isa = PBXFileReference; lastKnownFileType = file; path = "Montserrat-Regular.ttf"; sourceTree = "<group>"; };
		26B79805295327CE007A3151 /* HomeViewController.swift */ = {isa = PBXFileReference; lastKnownFileType = sourcecode.swift; path = HomeViewController.swift; sourceTree = "<group>"; };
		26B798072953281F007A3151 /* PurchaseViewController.swift */ = {isa = PBXFileReference; lastKnownFileType = sourcecode.swift; path = PurchaseViewController.swift; sourceTree = "<group>"; };
		26B7980929532843007A3151 /* SaleViewController.swift */ = {isa = PBXFileReference; lastKnownFileType = sourcecode.swift; path = SaleViewController.swift; sourceTree = "<group>"; };
		AB91D857D740C9D7A94A6E36 /* Pods-ERP.debug.xcconfig */ = {isa = PBXFileReference; includeInIndex = 1; lastKnownFileType = text.xcconfig; name = "Pods-ERP.debug.xcconfig"; path = "Target Support Files/Pods-ERP/Pods-ERP.debug.xcconfig"; sourceTree = "<group>"; };
		C171BC05E7BBC04A4CC75E0C /* Pods_ERP.framework */ = {isa = PBXFileReference; explicitFileType = wrapper.framework; includeInIndex = 0; path = Pods_ERP.framework; sourceTree = BUILT_PRODUCTS_DIR; };
		CA3849D62991A6FC00A2BE30 /* Customer.swift */ = {isa = PBXFileReference; lastKnownFileType = sourcecode.swift; path = Customer.swift; sourceTree = "<group>"; };
		CAD8B32C298150E50011FBC1 /* ApiManager.swift */ = {isa = PBXFileReference; fileEncoding = 4; lastKnownFileType = sourcecode.swift; path = ApiManager.swift; sourceTree = "<group>"; };
		CAD8B32D298150E50011FBC1 /* EndPoints.swift */ = {isa = PBXFileReference; fileEncoding = 4; lastKnownFileType = sourcecode.swift; path = EndPoints.swift; sourceTree = "<group>"; };
		CAD8B32E298150E50011FBC1 /* ErrorObject.swift */ = {isa = PBXFileReference; fileEncoding = 4; lastKnownFileType = sourcecode.swift; path = ErrorObject.swift; sourceTree = "<group>"; };
		CAD8B32F298150E50011FBC1 /* Services.swift */ = {isa = PBXFileReference; fileEncoding = 4; lastKnownFileType = sourcecode.swift; path = Services.swift; sourceTree = "<group>"; };
		CAE58D2D29886881007665D5 /* ListItem.swift */ = {isa = PBXFileReference; lastKnownFileType = sourcecode.swift; path = ListItem.swift; sourceTree = "<group>"; };
		F9537EA22852181068889C70 /* Pods-ERP.release.xcconfig */ = {isa = PBXFileReference; includeInIndex = 1; lastKnownFileType = text.xcconfig; name = "Pods-ERP.release.xcconfig"; path = "Target Support Files/Pods-ERP/Pods-ERP.release.xcconfig"; sourceTree = "<group>"; };
/* End PBXFileReference section */

/* Begin PBXFrameworksBuildPhase section */
		26B797E229530CB1007A3151 /* Frameworks */ = {
			isa = PBXFrameworksBuildPhase;
			buildActionMask = 2147483647;
			files = (
				241EE1BD92605DF9D9B0F83A /* Pods_ERP.framework in Frameworks */,
			);
			runOnlyForDeploymentPostprocessing = 0;
		};
/* End PBXFrameworksBuildPhase section */

/* Begin PBXGroup section */
		10A73C83458997EA06C9795F /* Pods */ = {
			isa = PBXGroup;
			children = (
				AB91D857D740C9D7A94A6E36 /* Pods-ERP.debug.xcconfig */,
				F9537EA22852181068889C70 /* Pods-ERP.release.xcconfig */,
			);
			path = Pods;
			sourceTree = "<group>";
		};
		18BCC23C295C93EE006DD870 /* ViewModel */ = {
			isa = PBXGroup;
			children = (
			);
			path = ViewModel;
			sourceTree = "<group>";
		};
		18BCC25F295C94A4006DD870 /* Network */ = {
			isa = PBXGroup;
			children = (
				CAD8B32C298150E50011FBC1 /* ApiManager.swift */,
				CAD8B32D298150E50011FBC1 /* EndPoints.swift */,
				CAD8B32E298150E50011FBC1 /* ErrorObject.swift */,
				CAD8B32F298150E50011FBC1 /* Services.swift */,
				18BCC267295CA45D006DD870 /* APIService.swift */,
			);
			path = Network;
			sourceTree = "<group>";
		};
		18BCC262295C9FF9006DD870 /* Constants */ = {
			isa = PBXGroup;
			children = (
				18BCC263295CA014006DD870 /* Constants.swift */,
			);
			path = Constants;
			sourceTree = "<group>";
		};
		18D11E90295DB58100089E26 /* Model */ = {
			isa = PBXGroup;
			children = (
				18D11E91295DB5A500089E26 /* SavePurchaseModel.swift */,
				18BCC26B295CA6B1006DD870 /* SuppliersModel.swift */,
				18BF60F4295D71DA0092865A /* ProductModel.swift */,
				18BF60F6295D72500092865A /* SaveCustomerModel.swift */,
				18BF60F8295D75D90092865A /* CategoryProductsModel.swift */,
				185FCEFE296148E6003B8008 /* Login.swift */,
				CAE58D2D29886881007665D5 /* ListItem.swift */,
				CA3849D62991A6FC00A2BE30 /* Customer.swift */,
			);
			path = Model;
			sourceTree = "<group>";
		};
		26686D1F29547AA000CBF2F2 /* Cell */ = {
			isa = PBXGroup;
			children = (
				26686D2029547AF400CBF2F2 /* SaleListCollectionViewCell.swift */,
				26686D2229547C7400CBF2F2 /* SaleSelectionCollectionViewCell.swift */,
			);
			path = Cell;
			sourceTree = "<group>";
		};
		26B797DC29530CB1007A3151 = {
			isa = PBXGroup;
			children = (
				26B797E729530CB1007A3151 /* ERP */,
				26B797E629530CB1007A3151 /* Products */,
				10A73C83458997EA06C9795F /* Pods */,
				AAD5D305090DFE6288B82751 /* Frameworks */,
			);
			sourceTree = "<group>";
		};
		26B797E629530CB1007A3151 /* Products */ = {
			isa = PBXGroup;
			children = (
				26B797E529530CB1007A3151 /* ERP.app */,
			);
			name = Products;
			sourceTree = "<group>";
		};
		26B797E729530CB1007A3151 /* ERP */ = {
			isa = PBXGroup;
			children = (
				26B797E829530CB1007A3151 /* AppDelegate.swift */,
				18BCC262295C9FF9006DD870 /* Constants */,
				18D11E90295DB58100089E26 /* Model */,
				18BCC23C295C93EE006DD870 /* ViewModel */,
				18BCC25F295C94A4006DD870 /* Network */,
				26B797FC295313F1007A3151 /* Helper */,
				26686D1F29547AA000CBF2F2 /* Cell */,
				26B7980429532743007A3151 /* ViewController */,
				26B7980B29532856007A3151 /* StoryBoard */,
				26B7980329531A7B007A3151 /* AppFonts */,
				26B797F129530CB8007A3151 /* Assets.xcassets */,
			);
			path = ERP;
			sourceTree = "<group>";
		};
		26B797FC295313F1007A3151 /* Helper */ = {
			isa = PBXGroup;
			children = (
				26B797FD29531431007A3151 /* UIViewExtension.swift */,
				18BCC23A295C91DB006DD870 /* UITextFieldExtension.swift */,
			);
			path = Helper;
			sourceTree = "<group>";
		};
		26B7980329531A7B007A3151 /* AppFonts */ = {
			isa = PBXGroup;
			children = (
				26B79800295319BF007A3151 /* Montserrat-Regular.ttf */,
				2631F66C2953465D004FFE64 /* Montserrat-Medium.ttf */,
				26B797FF295319BF007A3151 /* Montserrat-SemiBold.ttf */,
			);
			path = AppFonts;
			sourceTree = "<group>";
		};
		26B7980429532743007A3151 /* ViewController */ = {
			isa = PBXGroup;
			children = (
				26B797EC29530CB1007A3151 /* LoginViewController.swift */,
				26B79805295327CE007A3151 /* HomeViewController.swift */,
				26B798072953281F007A3151 /* PurchaseViewController.swift */,
				26B7980929532843007A3151 /* SaleViewController.swift */,
				18FDAF48299E4FE300EF16A0 /* SplashViewController.swift */,
			);
			path = ViewController;
			sourceTree = "<group>";
		};
		26B7980B29532856007A3151 /* StoryBoard */ = {
			isa = PBXGroup;
			children = (
				26B797F329530CB8007A3151 /* LaunchScreen.storyboard */,
				26B797EE29530CB1007A3151 /* Main.storyboard */,
			);
			path = StoryBoard;
			sourceTree = "<group>";
		};
		AAD5D305090DFE6288B82751 /* Frameworks */ = {
			isa = PBXGroup;
			children = (
				C171BC05E7BBC04A4CC75E0C /* Pods_ERP.framework */,
			);
			name = Frameworks;
			sourceTree = "<group>";
		};
/* End PBXGroup section */

/* Begin PBXNativeTarget section */
		26B797E429530CB1007A3151 /* ERP */ = {
			isa = PBXNativeTarget;
			buildConfigurationList = 26B797F929530CB8007A3151 /* Build configuration list for PBXNativeTarget "ERP" */;
			buildPhases = (
				073944CE664965E5F1757AA7 /* [CP] Check Pods Manifest.lock */,
				26B797E129530CB1007A3151 /* Sources */,
				26B797E229530CB1007A3151 /* Frameworks */,
				26B797E329530CB1007A3151 /* Resources */,
				C9D5500DA7EFD57562F1FCC0 /* [CP] Embed Pods Frameworks */,
			);
			buildRules = (
			);
			dependencies = (
			);
			name = ERP;
			productName = ERP;
			productReference = 26B797E529530CB1007A3151 /* ERP.app */;
			productType = "com.apple.product-type.application";
		};
/* End PBXNativeTarget section */

/* Begin PBXProject section */
		26B797DD29530CB1007A3151 /* Project object */ = {
			isa = PBXProject;
			attributes = {
				BuildIndependentTargetsInParallel = 1;
				LastSwiftUpdateCheck = 1330;
				LastUpgradeCheck = 1330;
				TargetAttributes = {
					26B797E429530CB1007A3151 = {
						CreatedOnToolsVersion = 13.3;
					};
				};
			};
			buildConfigurationList = 26B797E029530CB1007A3151 /* Build configuration list for PBXProject "ERP" */;
			compatibilityVersion = "Xcode 13.0";
			developmentRegion = en;
			hasScannedForEncodings = 0;
			knownRegions = (
				en,
				Base,
			);
			mainGroup = 26B797DC29530CB1007A3151;
			productRefGroup = 26B797E629530CB1007A3151 /* Products */;
			projectDirPath = "";
			projectRoot = "";
			targets = (
				26B797E429530CB1007A3151 /* ERP */,
			);
		};
/* End PBXProject section */

/* Begin PBXResourcesBuildPhase section */
		26B797E329530CB1007A3151 /* Resources */ = {
			isa = PBXResourcesBuildPhase;
			buildActionMask = 2147483647;
			files = (
				26B797F529530CB8007A3151 /* LaunchScreen.storyboard in Resources */,
				26B797F229530CB8007A3151 /* Assets.xcassets in Resources */,
				26B79801295319BF007A3151 /* Montserrat-SemiBold.ttf in Resources */,
				26B79802295319C0007A3151 /* Montserrat-Regular.ttf in Resources */,
				2631F66D2953465D004FFE64 /* Montserrat-Medium.ttf in Resources */,
				26B797F029530CB1007A3151 /* Main.storyboard in Resources */,
			);
			runOnlyForDeploymentPostprocessing = 0;
		};
/* End PBXResourcesBuildPhase section */

/* Begin PBXShellScriptBuildPhase section */
		073944CE664965E5F1757AA7 /* [CP] Check Pods Manifest.lock */ = {
			isa = PBXShellScriptBuildPhase;
			buildActionMask = 2147483647;
			files = (
			);
			inputFileListPaths = (
			);
			inputPaths = (
				"${PODS_PODFILE_DIR_PATH}/Podfile.lock",
				"${PODS_ROOT}/Manifest.lock",
			);
			name = "[CP] Check Pods Manifest.lock";
			outputFileListPaths = (
			);
			outputPaths = (
				"$(DERIVED_FILE_DIR)/Pods-ERP-checkManifestLockResult.txt",
			);
			runOnlyForDeploymentPostprocessing = 0;
			shellPath = /bin/sh;
			shellScript = "diff \"${PODS_PODFILE_DIR_PATH}/Podfile.lock\" \"${PODS_ROOT}/Manifest.lock\" > /dev/null\nif [ $? != 0 ] ; then\n    # print error to STDERR\n    echo \"error: The sandbox is not in sync with the Podfile.lock. Run 'pod install' or update your CocoaPods installation.\" >&2\n    exit 1\nfi\n# This output is used by Xcode 'outputs' to avoid re-running this script phase.\necho \"SUCCESS\" > \"${SCRIPT_OUTPUT_FILE_0}\"\n";
			showEnvVarsInLog = 0;
		};
		C9D5500DA7EFD57562F1FCC0 /* [CP] Embed Pods Frameworks */ = {
			isa = PBXShellScriptBuildPhase;
			buildActionMask = 2147483647;
			files = (
			);
			inputFileListPaths = (
				"${PODS_ROOT}/Target Support Files/Pods-ERP/Pods-ERP-frameworks-${CONFIGURATION}-input-files.xcfilelist",
			);
			name = "[CP] Embed Pods Frameworks";
			outputFileListPaths = (
				"${PODS_ROOT}/Target Support Files/Pods-ERP/Pods-ERP-frameworks-${CONFIGURATION}-output-files.xcfilelist",
			);
			runOnlyForDeploymentPostprocessing = 0;
			shellPath = /bin/sh;
			shellScript = "\"${PODS_ROOT}/Target Support Files/Pods-ERP/Pods-ERP-frameworks.sh\"\n";
			showEnvVarsInLog = 0;
		};
/* End PBXShellScriptBuildPhase section */

/* Begin PBXSourcesBuildPhase section */
		26B797E129530CB1007A3151 /* Sources */ = {
			isa = PBXSourcesBuildPhase;
			buildActionMask = 2147483647;
			files = (
				185FCEFF296148E6003B8008 /* Login.swift in Sources */,
				26B7980A29532843007A3151 /* SaleViewController.swift in Sources */,
				18BCC264295CA014006DD870 /* Constants.swift in Sources */,
				26B79806295327CE007A3151 /* HomeViewController.swift in Sources */,
				CAE58D2E29886881007665D5 /* ListItem.swift in Sources */,
				CA3849D72991A6FC00A2BE30 /* Customer.swift in Sources */,
				18BF60F5295D71DA0092865A /* ProductModel.swift in Sources */,
				CAD8B332298150E50011FBC1 /* ErrorObject.swift in Sources */,
				26686D2329547C7400CBF2F2 /* SaleSelectionCollectionViewCell.swift in Sources */,
				CAD8B330298150E50011FBC1 /* ApiManager.swift in Sources */,
				18BF60F9295D75D90092865A /* CategoryProductsModel.swift in Sources */,
				26B797FE29531431007A3151 /* UIViewExtension.swift in Sources */,
				CAD8B333298150E50011FBC1 /* Services.swift in Sources */,
				18D11E92295DB5A500089E26 /* SavePurchaseModel.swift in Sources */,
				26686D2129547AF400CBF2F2 /* SaleListCollectionViewCell.swift in Sources */,
				18FDAF49299E4FE300EF16A0 /* SplashViewController.swift in Sources */,
				18BCC268295CA45D006DD870 /* APIService.swift in Sources */,
				18BCC23B295C91DB006DD870 /* UITextFieldExtension.swift in Sources */,
				26B797ED29530CB1007A3151 /* LoginViewController.swift in Sources */,
				18BCC26C295CA6B2006DD870 /* SuppliersModel.swift in Sources */,
				26B797E929530CB1007A3151 /* AppDelegate.swift in Sources */,
				CAD8B331298150E50011FBC1 /* EndPoints.swift in Sources */,
				18BF60F7295D72500092865A /* SaveCustomerModel.swift in Sources */,
				26B798082953281F007A3151 /* PurchaseViewController.swift in Sources */,
			);
			runOnlyForDeploymentPostprocessing = 0;
		};
/* End PBXSourcesBuildPhase section */

/* Begin PBXVariantGroup section */
		26B797EE29530CB1007A3151 /* Main.storyboard */ = {
			isa = PBXVariantGroup;
			children = (
				26B797EF29530CB1007A3151 /* Base */,
			);
			name = Main.storyboard;
			sourceTree = "<group>";
		};
		26B797F329530CB8007A3151 /* LaunchScreen.storyboard */ = {
			isa = PBXVariantGroup;
			children = (
				26B797F429530CB8007A3151 /* Base */,
			);
			name = LaunchScreen.storyboard;
			sourceTree = "<group>";
		};
/* End PBXVariantGroup section */

/* Begin XCBuildConfiguration section */
		26B797F729530CB8007A3151 /* Debug */ = {
			isa = XCBuildConfiguration;
			buildSettings = {
				ALWAYS_SEARCH_USER_PATHS = NO;
				CLANG_ANALYZER_NONNULL = YES;
				CLANG_ANALYZER_NUMBER_OBJECT_CONVERSION = YES_AGGRESSIVE;
				CLANG_CXX_LANGUAGE_STANDARD = "gnu++17";
				CLANG_ENABLE_MODULES = YES;
				CLANG_ENABLE_OBJC_ARC = YES;
				CLANG_ENABLE_OBJC_WEAK = YES;
				CLANG_WARN_BLOCK_CAPTURE_AUTORELEASING = YES;
				CLANG_WARN_BOOL_CONVERSION = YES;
				CLANG_WARN_COMMA = YES;
				CLANG_WARN_CONSTANT_CONVERSION = YES;
				CLANG_WARN_DEPRECATED_OBJC_IMPLEMENTATIONS = YES;
				CLANG_WARN_DIRECT_OBJC_ISA_USAGE = YES_ERROR;
				CLANG_WARN_DOCUMENTATION_COMMENTS = YES;
				CLANG_WARN_EMPTY_BODY = YES;
				CLANG_WARN_ENUM_CONVERSION = YES;
				CLANG_WARN_INFINITE_RECURSION = YES;
				CLANG_WARN_INT_CONVERSION = YES;
				CLANG_WARN_NON_LITERAL_NULL_CONVERSION = YES;
				CLANG_WARN_OBJC_IMPLICIT_RETAIN_SELF = YES;
				CLANG_WARN_OBJC_LITERAL_CONVERSION = YES;
				CLANG_WARN_OBJC_ROOT_CLASS = YES_ERROR;
				CLANG_WARN_QUOTED_INCLUDE_IN_FRAMEWORK_HEADER = YES;
				CLANG_WARN_RANGE_LOOP_ANALYSIS = YES;
				CLANG_WARN_STRICT_PROTOTYPES = YES;
				CLANG_WARN_SUSPICIOUS_MOVE = YES;
				CLANG_WARN_UNGUARDED_AVAILABILITY = YES_AGGRESSIVE;
				CLANG_WARN_UNREACHABLE_CODE = YES;
				CLANG_WARN__DUPLICATE_METHOD_MATCH = YES;
				COPY_PHASE_STRIP = NO;
				DEBUG_INFORMATION_FORMAT = dwarf;
				ENABLE_STRICT_OBJC_MSGSEND = YES;
				ENABLE_TESTABILITY = YES;
				GCC_C_LANGUAGE_STANDARD = gnu11;
				GCC_DYNAMIC_NO_PIC = NO;
				GCC_NO_COMMON_BLOCKS = YES;
				GCC_OPTIMIZATION_LEVEL = 0;
				GCC_PREPROCESSOR_DEFINITIONS = (
					"DEBUG=1",
					"$(inherited)",
				);
				GCC_WARN_64_TO_32_BIT_CONVERSION = YES;
				GCC_WARN_ABOUT_RETURN_TYPE = YES_ERROR;
				GCC_WARN_UNDECLARED_SELECTOR = YES;
				GCC_WARN_UNINITIALIZED_AUTOS = YES_AGGRESSIVE;
				GCC_WARN_UNUSED_FUNCTION = YES;
				GCC_WARN_UNUSED_VARIABLE = YES;
				IPHONEOS_DEPLOYMENT_TARGET = 13.0;
				MTL_ENABLE_DEBUG_INFO = INCLUDE_SOURCE;
				MTL_FAST_MATH = YES;
				ONLY_ACTIVE_ARCH = YES;
				SDKROOT = iphoneos;
				SWIFT_ACTIVE_COMPILATION_CONDITIONS = DEBUG;
				SWIFT_OPTIMIZATION_LEVEL = "-Onone";
			};
			name = Debug;
		};
		26B797F829530CB8007A3151 /* Release */ = {
			isa = XCBuildConfiguration;
			buildSettings = {
				ALWAYS_SEARCH_USER_PATHS = NO;
				CLANG_ANALYZER_NONNULL = YES;
				CLANG_ANALYZER_NUMBER_OBJECT_CONVERSION = YES_AGGRESSIVE;
				CLANG_CXX_LANGUAGE_STANDARD = "gnu++17";
				CLANG_ENABLE_MODULES = YES;
				CLANG_ENABLE_OBJC_ARC = YES;
				CLANG_ENABLE_OBJC_WEAK = YES;
				CLANG_WARN_BLOCK_CAPTURE_AUTORELEASING = YES;
				CLANG_WARN_BOOL_CONVERSION = YES;
				CLANG_WARN_COMMA = YES;
				CLANG_WARN_CONSTANT_CONVERSION = YES;
				CLANG_WARN_DEPRECATED_OBJC_IMPLEMENTATIONS = YES;
				CLANG_WARN_DIRECT_OBJC_ISA_USAGE = YES_ERROR;
				CLANG_WARN_DOCUMENTATION_COMMENTS = YES;
				CLANG_WARN_EMPTY_BODY = YES;
				CLANG_WARN_ENUM_CONVERSION = YES;
				CLANG_WARN_INFINITE_RECURSION = YES;
				CLANG_WARN_INT_CONVERSION = YES;
				CLANG_WARN_NON_LITERAL_NULL_CONVERSION = YES;
				CLANG_WARN_OBJC_IMPLICIT_RETAIN_SELF = YES;
				CLANG_WARN_OBJC_LITERAL_CONVERSION = YES;
				CLANG_WARN_OBJC_ROOT_CLASS = YES_ERROR;
				CLANG_WARN_QUOTED_INCLUDE_IN_FRAMEWORK_HEADER = YES;
				CLANG_WARN_RANGE_LOOP_ANALYSIS = YES;
				CLANG_WARN_STRICT_PROTOTYPES = YES;
				CLANG_WARN_SUSPICIOUS_MOVE = YES;
				CLANG_WARN_UNGUARDED_AVAILABILITY = YES_AGGRESSIVE;
				CLANG_WARN_UNREACHABLE_CODE = YES;
				CLANG_WARN__DUPLICATE_METHOD_MATCH = YES;
				COPY_PHASE_STRIP = NO;
				DEBUG_INFORMATION_FORMAT = "dwarf-with-dsym";
				ENABLE_NS_ASSERTIONS = NO;
				ENABLE_STRICT_OBJC_MSGSEND = YES;
				GCC_C_LANGUAGE_STANDARD = gnu11;
				GCC_NO_COMMON_BLOCKS = YES;
				GCC_WARN_64_TO_32_BIT_CONVERSION = YES;
				GCC_WARN_ABOUT_RETURN_TYPE = YES_ERROR;
				GCC_WARN_UNDECLARED_SELECTOR = YES;
				GCC_WARN_UNINITIALIZED_AUTOS = YES_AGGRESSIVE;
				GCC_WARN_UNUSED_FUNCTION = YES;
				GCC_WARN_UNUSED_VARIABLE = YES;
				IPHONEOS_DEPLOYMENT_TARGET = 13.0;
				MTL_ENABLE_DEBUG_INFO = NO;
				MTL_FAST_MATH = YES;
				SDKROOT = iphoneos;
				SWIFT_COMPILATION_MODE = wholemodule;
				SWIFT_OPTIMIZATION_LEVEL = "-O";
				VALIDATE_PRODUCT = YES;
			};
			name = Release;
		};
		26B797FA29530CB8007A3151 /* Debug */ = {
			isa = XCBuildConfiguration;
			baseConfigurationReference = AB91D857D740C9D7A94A6E36 /* Pods-ERP.debug.xcconfig */;
			buildSettings = {
				ASSETCATALOG_COMPILER_APPICON_NAME = AppIcon;
				ASSETCATALOG_COMPILER_GLOBAL_ACCENT_COLOR_NAME = AccentColor;
				CODE_SIGN_STYLE = Automatic;
				CURRENT_PROJECT_VERSION = 1;
				DEVELOPMENT_TEAM = GA9PUS96WR;
				GENERATE_INFOPLIST_FILE = YES;
				INFOPLIST_KEY_UIApplicationSupportsIndirectInputEvents = YES;
				INFOPLIST_KEY_UILaunchStoryboardName = LaunchScreen;
				INFOPLIST_KEY_UIMainStoryboardFile = Main;
				INFOPLIST_KEY_UISupportedInterfaceOrientations_iPad = "UIInterfaceOrientationPortrait UIInterfaceOrientationPortraitUpsideDown UIInterfaceOrientationLandscapeLeft UIInterfaceOrientationLandscapeRight";
				INFOPLIST_KEY_UISupportedInterfaceOrientations_iPhone = "UIInterfaceOrientationPortrait UIInterfaceOrientationLandscapeLeft UIInterfaceOrientationLandscapeRight";
				INFOPLIST_KEY_UIUserInterfaceStyle = Light;
				LD_RUNPATH_SEARCH_PATHS = (
					"$(inherited)",
					"@executable_path/Frameworks",
				);
				MARKETING_VERSION = 1.0;
				PRODUCT_BUNDLE_IDENTIFIER = com.eliteApps.ERP1;
				PRODUCT_NAME = "$(TARGET_NAME)";
				SWIFT_EMIT_LOC_STRINGS = YES;
				SWIFT_VERSION = 5.0;
				TARGETED_DEVICE_FAMILY = "1,2";
			};
			name = Debug;
		};
		26B797FB29530CB8007A3151 /* Release */ = {
			isa = XCBuildConfiguration;
			baseConfigurationReference = F9537EA22852181068889C70 /* Pods-ERP.release.xcconfig */;
			buildSettings = {
				ASSETCATALOG_COMPILER_APPICON_NAME = AppIcon;
				ASSETCATALOG_COMPILER_GLOBAL_ACCENT_COLOR_NAME = AccentColor;
				CODE_SIGN_STYLE = Automatic;
				CURRENT_PROJECT_VERSION = 1;
				DEVELOPMENT_TEAM = GA9PUS96WR;
				GENERATE_INFOPLIST_FILE = YES;
				INFOPLIST_KEY_UIApplicationSupportsIndirectInputEvents = YES;
				INFOPLIST_KEY_UILaunchStoryboardName = LaunchScreen;
				INFOPLIST_KEY_UIMainStoryboardFile = Main;
				INFOPLIST_KEY_UISupportedInterfaceOrientations_iPad = "UIInterfaceOrientationPortrait UIInterfaceOrientationPortraitUpsideDown UIInterfaceOrientationLandscapeLeft UIInterfaceOrientationLandscapeRight";
				INFOPLIST_KEY_UISupportedInterfaceOrientations_iPhone = "UIInterfaceOrientationPortrait UIInterfaceOrientationLandscapeLeft UIInterfaceOrientationLandscapeRight";
				INFOPLIST_KEY_UIUserInterfaceStyle = Light;
				LD_RUNPATH_SEARCH_PATHS = (
					"$(inherited)",
					"@executable_path/Frameworks",
				);
				MARKETING_VERSION = 1.0;
				PRODUCT_BUNDLE_IDENTIFIER = com.eliteApps.ERP1;
				PRODUCT_NAME = "$(TARGET_NAME)";
				SWIFT_EMIT_LOC_STRINGS = YES;
				SWIFT_VERSION = 5.0;
				TARGETED_DEVICE_FAMILY = "1,2";
			};
			name = Release;
		};
/* End XCBuildConfiguration section */

/* Begin XCConfigurationList section */
		26B797E029530CB1007A3151 /* Build configuration list for PBXProject "ERP" */ = {
			isa = XCConfigurationList;
			buildConfigurations = (
				26B797F729530CB8007A3151 /* Debug */,
				26B797F829530CB8007A3151 /* Release */,
			);
			defaultConfigurationIsVisible = 0;
			defaultConfigurationName = Release;
		};
		26B797F929530CB8007A3151 /* Build configuration list for PBXNativeTarget "ERP" */ = {
			isa = XCConfigurationList;
			buildConfigurations = (
				26B797FA29530CB8007A3151 /* Debug */,
				26B797FB29530CB8007A3151 /* Release */,
			);
			defaultConfigurationIsVisible = 0;
			defaultConfigurationName = Release;
		};
/* End XCConfigurationList section */
	};
	rootObject = 26B797DD29530CB1007A3151 /* Project object */;
}
