PODS:
  - iOSDropDown (0.4.0)
  - NVActivityIndicatorView (5.1.1):
    - NVActivityIndicatorView/Base (= 5.1.1)
  - NVActivityIndicatorView/Base (5.1.1)

DEPENDENCIES:
  - iOSDropDown
  - NVActivityIndicatorView

SPEC REPOS:
  trunk:
    - iOSDropDown
    - NVActivityIndicatorView

SPEC CHECKSUMS:
  iOSDropDown: ce9daa584eaa5567cafc1b633e3cc7eb6d9cea42
  NVActivityIndicatorView: 1f6c5687f1171810aa27a3296814dc2d7dec3667

PODFILE CHECKSUM: a1cfcc3e75013d1de2b59d177f9fd7dd750778cc

COCOAPODS: 1.11.3
